
Microsoft Visual Studio Solution File, Format Version 12.00
# Visual Studio Version 17
VisualStudioVersion = 17.2.32616.157
MinimumVisualStudioVersion = 10.0.40219.1
Project("{8BC9CEB8-8B4A-11D0-8D11-00A0C91BC942}") = "01_SimpleCApp", "01_SimpleCApp\01_SimpleCApp.vcxproj", "{F2D4570B-9085-40CE-85DF-1DD179E2178A}"
EndProject
Project("{2150E333-8FDC-42A3-9474-1A3956D46DE8}") = "Exercises", "Exercises", "{EC11CC54-6C1F-4279-8188-82EEDCE076C4}"
EndProject
Project("{8BC9CEB8-8B4A-11D0-8D11-00A0C91BC942}") = "E01_Functions", "Exercises\E01_Functions\E01_Functions.vcxproj", "{5B200903-7DC1-43C3-BC53-7F23FEFB142B}"
EndProject
Project("{8BC9CEB8-8B4A-11D0-8D11-00A0C91BC942}") = "02_Pointers", "02_Pointers\02_Pointers.vcxproj", "{8412A5E2-BFB4-4EEA-98C1-52EC94A8F7C5}"
EndProject
Project("{8BC9CEB8-8B4A-11D0-8D11-00A0C91BC942}") = "03_MemoryUtils", "03_MemoryUtils\03_MemoryUtils.vcxproj", "{4F53F917-5003-49B6-BEE8-B8837CEFD088}"
EndProject
Project("{8BC9CEB8-8B4A-11D0-8D11-00A0C91BC942}") = "04_INIParser", "04_INIParser\04_INIParser.vcxproj", "{919D474A-6558-42AB-83A7-35BA94D3A66C}"
EndProject
Project("{8BC9CEB8-8B4A-11D0-8D11-00A0C91BC942}") = "05_INIExplorer", "05_INIExplorer\05_INIExplorer.vcxproj", "{1EC0F4F2-3FE1-4829-9469-657981FCFED0}"
	ProjectSection(ProjectDependencies) = postProject
		{919D474A-6558-42AB-83A7-35BA94D3A66C} = {919D474A-6558-42AB-83A7-35BA94D3A66C}
	EndProjectSection
EndProject
Project("{8BC9CEB8-8B4A-11D0-8D11-00A0C91BC942}") = "06_AdvancedCStructs", "06_AdvancedCStructs\06_AdvancedCStructs.vcxproj", "{40BBBC29-BA0F-4C03-9DEC-DA3F1A65E1F5}"
EndProject
Project("{8BC9CEB8-8B4A-11D0-8D11-00A0C91BC942}") = "07_SimpleCppApp", "07_SimpleCppApp\07_SimpleCppApp.vcxproj", "{4385F457-331A-4F37-964D-BB4ED11448CF}"
EndProject
Global
	GlobalSection(SolutionConfigurationPlatforms) = preSolution
		Debug|x64 = Debug|x64
		Debug|x86 = Debug|x86
		Release|x64 = Release|x64
		Release|x86 = Release|x86
	EndGlobalSection
	GlobalSection(ProjectConfigurationPlatforms) = postSolution
		{F2D4570B-9085-40CE-85DF-1DD179E2178A}.Debug|x64.ActiveCfg = Debug|x64
		{F2D4570B-9085-40CE-85DF-1DD179E2178A}.Debug|x64.Build.0 = Debug|x64
		{F2D4570B-9085-40CE-85DF-1DD179E2178A}.Debug|x86.ActiveCfg = Debug|Win32
		{F2D4570B-9085-40CE-85DF-1DD179E2178A}.Debug|x86.Build.0 = Debug|Win32
		{F2D4570B-9085-40CE-85DF-1DD179E2178A}.Release|x64.ActiveCfg = Release|x64
		{F2D4570B-9085-40CE-85DF-1DD179E2178A}.Release|x64.Build.0 = Release|x64
		{F2D4570B-9085-40CE-85DF-1DD179E2178A}.Release|x86.ActiveCfg = Release|Win32
		{F2D4570B-9085-40CE-85DF-1DD179E2178A}.Release|x86.Build.0 = Release|Win32
		{5B200903-7DC1-43C3-BC53-7F23FEFB142B}.Debug|x64.ActiveCfg = Debug|x64
		{5B200903-7DC1-43C3-BC53-7F23FEFB142B}.Debug|x64.Build.0 = Debug|x64
		{5B200903-7DC1-43C3-BC53-7F23FEFB142B}.Debug|x86.ActiveCfg = Debug|Win32
		{5B200903-7DC1-43C3-BC53-7F23FEFB142B}.Debug|x86.Build.0 = Debug|Win32
		{5B200903-7DC1-43C3-BC53-7F23FEFB142B}.Release|x64.ActiveCfg = Release|x64
		{5B200903-7DC1-43C3-BC53-7F23FEFB142B}.Release|x64.Build.0 = Release|x64
		{5B200903-7DC1-43C3-BC53-7F23FEFB142B}.Release|x86.ActiveCfg = Release|Win32
		{5B200903-7DC1-43C3-BC53-7F23FEFB142B}.Release|x86.Build.0 = Release|Win32
		{8412A5E2-BFB4-4EEA-98C1-52EC94A8F7C5}.Debug|x64.ActiveCfg = Debug|x64
		{8412A5E2-BFB4-4EEA-98C1-52EC94A8F7C5}.Debug|x64.Build.0 = Debug|x64
		{8412A5E2-BFB4-4EEA-98C1-52EC94A8F7C5}.Debug|x86.ActiveCfg = Debug|Win32
		{8412A5E2-BFB4-4EEA-98C1-52EC94A8F7C5}.Debug|x86.Build.0 = Debug|Win32
		{8412A5E2-BFB4-4EEA-98C1-52EC94A8F7C5}.Release|x64.ActiveCfg = Release|x64
		{8412A5E2-BFB4-4EEA-98C1-52EC94A8F7C5}.Release|x64.Build.0 = Release|x64
		{8412A5E2-BFB4-4EEA-98C1-52EC94A8F7C5}.Release|x86.ActiveCfg = Release|Win32
		{8412A5E2-BFB4-4EEA-98C1-52EC94A8F7C5}.Release|x86.Build.0 = Release|Win32
		{4F53F917-5003-49B6-BEE8-B8837CEFD088}.Debug|x64.ActiveCfg = Debug|x64
		{4F53F917-5003-49B6-BEE8-B8837CEFD088}.Debug|x64.Build.0 = Debug|x64
		{4F53F917-5003-49B6-BEE8-B8837CEFD088}.Debug|x86.ActiveCfg = Debug|Win32
		{4F53F917-5003-49B6-BEE8-B8837CEFD088}.Debug|x86.Build.0 = Debug|Win32
		{4F53F917-5003-49B6-BEE8-B8837CEFD088}.Release|x64.ActiveCfg = Release|x64
		{4F53F917-5003-49B6-BEE8-B8837CEFD088}.Release|x64.Build.0 = Release|x64
		{4F53F917-5003-49B6-BEE8-B8837CEFD088}.Release|x86.ActiveCfg = Release|Win32
		{4F53F917-5003-49B6-BEE8-B8837CEFD088}.Release|x86.Build.0 = Release|Win32
		{919D474A-6558-42AB-83A7-35BA94D3A66C}.Debug|x64.ActiveCfg = Debug|x64
		{919D474A-6558-42AB-83A7-35BA94D3A66C}.Debug|x64.Build.0 = Debug|x64
		{919D474A-6558-42AB-83A7-35BA94D3A66C}.Debug|x86.ActiveCfg = Debug|Win32
		{919D474A-6558-42AB-83A7-35BA94D3A66C}.Debug|x86.Build.0 = Debug|Win32
		{919D474A-6558-42AB-83A7-35BA94D3A66C}.Release|x64.ActiveCfg = Release|x64
		{919D474A-6558-42AB-83A7-35BA94D3A66C}.Release|x64.Build.0 = Release|x64
		{919D474A-6558-42AB-83A7-35BA94D3A66C}.Release|x86.ActiveCfg = Release|Win32
		{919D474A-6558-42AB-83A7-35BA94D3A66C}.Release|x86.Build.0 = Release|Win32
		{1EC0F4F2-3FE1-4829-9469-657981FCFED0}.Debug|x64.ActiveCfg = Debug|x64
		{1EC0F4F2-3FE1-4829-9469-657981FCFED0}.Debug|x64.Build.0 = Debug|x64
		{1EC0F4F2-3FE1-4829-9469-657981FCFED0}.Debug|x86.ActiveCfg = Debug|Win32
		{1EC0F4F2-3FE1-4829-9469-657981FCFED0}.Debug|x86.Build.0 = Debug|Win32
		{1EC0F4F2-3FE1-4829-9469-657981FCFED0}.Release|x64.ActiveCfg = Release|x64
		{1EC0F4F2-3FE1-4829-9469-657981FCFED0}.Release|x64.Build.0 = Release|x64
		{1EC0F4F2-3FE1-4829-9469-657981FCFED0}.Release|x86.ActiveCfg = Release|Win32
		{1EC0F4F2-3FE1-4829-9469-657981FCFED0}.Release|x86.Build.0 = Release|Win32
		{40BBBC29-BA0F-4C03-9DEC-DA3F1A65E1F5}.Debug|x64.ActiveCfg = Debug|x64
		{40BBBC29-BA0F-4C03-9DEC-DA3F1A65E1F5}.Debug|x64.Build.0 = Debug|x64
		{40BBBC29-BA0F-4C03-9DEC-DA3F1A65E1F5}.Debug|x86.ActiveCfg = Debug|Win32
		{40BBBC29-BA0F-4C03-9DEC-DA3F1A65E1F5}.Debug|x86.Build.0 = Debug|Win32
		{40BBBC29-BA0F-4C03-9DEC-DA3F1A65E1F5}.Release|x64.ActiveCfg = Release|x64
		{40BBBC29-BA0F-4C03-9DEC-DA3F1A65E1F5}.Release|x64.Build.0 = Release|x64
		{40BBBC29-BA0F-4C03-9DEC-DA3F1A65E1F5}.Release|x86.ActiveCfg = Release|Win32
		{40BBBC29-BA0F-4C03-9DEC-DA3F1A65E1F5}.Release|x86.Build.0 = Release|Win32
		{4385F457-331A-4F37-964D-BB4ED11448CF}.Debug|x64.ActiveCfg = Debug|x64
		{4385F457-331A-4F37-964D-BB4ED11448CF}.Debug|x64.Build.0 = Debug|x64
		{4385F457-331A-4F37-964D-BB4ED11448CF}.Debug|x86.ActiveCfg = Debug|Win32
		{4385F457-331A-4F37-964D-BB4ED11448CF}.Debug|x86.Build.0 = Debug|Win32
		{4385F457-331A-4F37-964D-BB4ED11448CF}.Release|x64.ActiveCfg = Release|x64
		{4385F457-331A-4F37-964D-BB4ED11448CF}.Release|x64.Build.0 = Release|x64
		{4385F457-331A-4F37-964D-BB4ED11448CF}.Release|x86.ActiveCfg = Release|Win32
		{4385F457-331A-4F37-964D-BB4ED11448CF}.Release|x86.Build.0 = Release|Win32
	EndGlobalSection
	GlobalSection(SolutionProperties) = preSolution
		HideSolutionNode = FALSE
	EndGlobalSection
	GlobalSection(NestedProjects) = preSolution
		{5B200903-7DC1-43C3-BC53-7F23FEFB142B} = {EC11CC54-6C1F-4279-8188-82EEDCE076C4}
	EndGlobalSection
	GlobalSection(ExtensibilityGlobals) = postSolution
		SolutionGuid = {2CA00BB8-42CE-4256-9A66-4173C48B5C82}
	EndGlobalSection
EndGlobal
